
Microsoft Visual Studio Solution File, Format Version 12.00
# Visual Studio 15
VisualStudioVersion = 15.0.28307.168
MinimumVisualStudioVersion = 10.0.40219.1
Project("{FAE04EC0-301F-11D3-BF4B-00C04F79EFBC}") = "EmirApp", "EmirApp\EmirApp.csproj", "{FD7233DF-C7DB-4B2F-AD0C-330C8410FA79}"
EndProject
Global
	GlobalSection(SolutionConfigurationPlatforms) = preSolution
		Debug|Any CPU = Debug|Any CPU
		Release|Any CPU = Release|Any CPU
	EndGlobalSection
	GlobalSection(ProjectConfigurationPlatforms) = postSolution
		{FD7233DF-C7DB-4B2F-AD0C-330C8410FA79}.Debug|Any CPU.ActiveCfg = Debug|Any CPU
		{FD7233DF-C7DB-4B2F-AD0C-330C8410FA79}.Debug|Any CPU.Build.0 = Debug|Any CPU
		{FD7233DF-C7DB-4B2F-AD0C-330C8410FA79}.Release|Any CPU.ActiveCfg = Release|Any CPU
		{FD7233DF-C7DB-4B2F-AD0C-330C8410FA79}.Release|Any CPU.Build.0 = Release|Any CPU
	EndGlobalSection
	GlobalSection(SolutionProperties) = preSolution
		HideSolutionNode = FALSE
	EndGlobalSection
	GlobalSection(ExtensibilityGlobals) = postSolution
		SolutionGuid = {843EE163-0E01-43B1-9F51-E5E162C40CC0}
	EndGlobalSection
EndGlobal
